
Microsoft Visual Studio Solution File, Format Version 12.00
# Visual Studio Version 16
VisualStudioVersion = 16.0.29920.165
MinimumVisualStudioVersion = 10.0.40219.1
Project("{FAE04EC0-301F-11D3-BF4B-00C04F79EFBC}") = "irf_project_t4z1x", "irf_project_t4z1x.csproj", "{6C66CC25-4BBA-4351-8F8F-D18F109A85A8}"
EndProject
Project("{FAE04EC0-301F-11D3-BF4B-00C04F79EFBC}") = "irf_project_t4z1qx_UnitTestProject1", "..\irf_project_t4z1qx_UnitTestProject1\irf_project_t4z1qx_UnitTestProject1.csproj", "{CDA7A053-4D7A-4C7F-8C5F-F5B258F85C2E}"
EndProject
Global
	GlobalSection(SolutionConfigurationPlatforms) = preSolution
		Debug|Any CPU = Debug|Any CPU
		Release|Any CPU = Release|Any CPU
	EndGlobalSection
	GlobalSection(ProjectConfigurationPlatforms) = postSolution
		{6C66CC25-4BBA-4351-8F8F-D18F109A85A8}.Debug|Any CPU.ActiveCfg = Debug|Any CPU
		{6C66CC25-4BBA-4351-8F8F-D18F109A85A8}.Debug|Any CPU.Build.0 = Debug|Any CPU
		{6C66CC25-4BBA-4351-8F8F-D18F109A85A8}.Release|Any CPU.ActiveCfg = Release|Any CPU
		{6C66CC25-4BBA-4351-8F8F-D18F109A85A8}.Release|Any CPU.Build.0 = Release|Any CPU
		{CDA7A053-4D7A-4C7F-8C5F-F5B258F85C2E}.Debug|Any CPU.ActiveCfg = Debug|Any CPU
		{CDA7A053-4D7A-4C7F-8C5F-F5B258F85C2E}.Debug|Any CPU.Build.0 = Debug|Any CPU
		{CDA7A053-4D7A-4C7F-8C5F-F5B258F85C2E}.Release|Any CPU.ActiveCfg = Release|Any CPU
		{CDA7A053-4D7A-4C7F-8C5F-F5B258F85C2E}.Release|Any CPU.Build.0 = Release|Any CPU
	EndGlobalSection
	GlobalSection(SolutionProperties) = preSolution
		HideSolutionNode = FALSE
	EndGlobalSection
	GlobalSection(ExtensibilityGlobals) = postSolution
		SolutionGuid = {C8C1ACDC-556F-4CD5-8BA0-98B360027D3E}
	EndGlobalSection
EndGlobal
